
Microsoft Visual Studio Solution File, Format Version 12.00
# Visual Studio Version 17
VisualStudioVersion = 17.8.34511.84
MinimumVisualStudioVersion = 10.0.40219.1
Project("{2150E333-8FDC-42A3-9474-1A3956D46DE8}") = "src", "src", "{DD0A59BA-982F-4D69-952B-E5A27C00BF3D}"
EndProject
Project("{2150E333-8FDC-42A3-9474-1A3956D46DE8}") = "Solution Items", "Solution Items", "{7D01B280-8E5E-4EA7-BB9E-890C11B7656C}"
	ProjectSection(SolutionItems) = preProject
		.editorconfig = .editorconfig
		Directory.Build.props = Directory.Build.props
	EndProjectSection
EndProject
Project("{2150E333-8FDC-42A3-9474-1A3956D46DE8}") = "API", "API", "{CA7143A3-15CE-4D9A-98ED-57C937C29F70}"
EndProject
Project("{2150E333-8FDC-42A3-9474-1A3956D46DE8}") = "Modules", "Modules", "{D4D3F4DD-54C8-48DE-8917-3197FD8081A4}"
EndProject
Project("{2150E333-8FDC-42A3-9474-1A3956D46DE8}") = "Events", "Events", "{B76DAE39-A56A-4DCA-BAA2-D0A2B3481144}"
EndProject
Project("{9A19103F-16F7-4668-BE54-9A1E7A4F7556}") = "Evently.Api", "src\API\Evently.Api\Evently.Api.csproj", "{E8EDA94E-6C78-4451-9171-F10A55A2382D}"
EndProject
Project("{E53339B2-1760-4266-BCC7-CA923CBCF16C}") = "docker-compose", "docker-compose.dcproj", "{DE0DE4A0-A354-49B3-8E2A-9811A1AD52B0}"
EndProject
Project("{9A19103F-16F7-4668-BE54-9A1E7A4F7556}") = "Evently.Modules.Events.Domain", "src\Modules\Events\Evently.Modules.Events.Domain\Evently.Modules.Events.Domain.csproj", "{0DE96AD9-02E4-42DB-841E-EFD5FEF08B30}"
EndProject
Project("{9A19103F-16F7-4668-BE54-9A1E7A4F7556}") = "Evently.Modules.Events.Application", "src\Modules\Events\Evently.Modules.Events.Application\Evently.Modules.Events.Application.csproj", "{A1DC6815-AD67-43BD-806D-4B28FB9B83E2}"
EndProject
Project("{9A19103F-16F7-4668-BE54-9A1E7A4F7556}") = "Evently.Modules.Events.Infrastructure", "src\Modules\Events\Evently.Modules.Events.Infrastructure\Evently.Modules.Events.Infrastructure.csproj", "{2296E8A0-62DF-4805-B027-9C457FD080D9}"
EndProject
Project("{9A19103F-16F7-4668-BE54-9A1E7A4F7556}") = "Evently.Modules.Events.Presentation", "src\Modules\Events\Evently.Modules.Events.Presentation\Evently.Modules.Events.Presentation.csproj", "{4B3CD194-1804-4CFB-B542-F5E939E400A9}"
EndProject
Project("{2150E333-8FDC-42A3-9474-1A3956D46DE8}") = "Common", "Common", "{1E8C6D59-7C9A-4B1F-9039-70F614180E59}"
EndProject
Project("{9A19103F-16F7-4668-BE54-9A1E7A4F7556}") = "Evently.Common.Application", "src\Common\Evently.Common.Application\Evently.Common.Application.csproj", "{D655AF11-992A-43E6-9530-632903F280BC}"
EndProject
Project("{9A19103F-16F7-4668-BE54-9A1E7A4F7556}") = "Evently.Common.Domain", "src\Common\Evently.Common.Domain\Evently.Common.Domain.csproj", "{FB6BB91C-C4EE-4F63-901F-C58541B7649A}"
EndProject
Project("{9A19103F-16F7-4668-BE54-9A1E7A4F7556}") = "Evently.Common.Infrastructure", "src\Common\Evently.Common.Infrastructure\Evently.Common.Infrastructure.csproj", "{9DC6CD92-EBE8-4633-AD7C-BC1F0C253221}"
EndProject
Project("{2150E333-8FDC-42A3-9474-1A3956D46DE8}") = "Users", "Users", "{AB1A6779-DE08-4B17-A329-9A913B78FA9C}"
EndProject
Project("{9A19103F-16F7-4668-BE54-9A1E7A4F7556}") = "Evently.Modules.Users.Domain", "src\Modules\Users\Evently.Modules.Users.Domain\Evently.Modules.Users.Domain.csproj", "{6C320881-39CF-4ED6-9B72-21DE1016FB4E}"
EndProject
Project("{9A19103F-16F7-4668-BE54-9A1E7A4F7556}") = "Evently.Modules.Users.Application", "src\Modules\Users\Evently.Modules.Users.Application\Evently.Modules.Users.Application.csproj", "{9E5CE0D1-73A6-4E22-B1EE-AFD8B3A6CEAA}"
EndProject
Project("{9A19103F-16F7-4668-BE54-9A1E7A4F7556}") = "Evently.Modules.Users.Infrastructure", "src\Modules\Users\Evently.Modules.Users.Infrastructure\Evently.Modules.Users.Infrastructure.csproj", "{8599B72F-DB01-457B-A131-F34A0AD10E7E}"
EndProject
Project("{9A19103F-16F7-4668-BE54-9A1E7A4F7556}") = "Evently.Modules.Users.Presentation", "src\Modules\Users\Evently.Modules.Users.Presentation\Evently.Modules.Users.Presentation.csproj", "{EFF8595B-1759-4ECB-8A94-7C35480CE77F}"
EndProject
Project("{9A19103F-16F7-4668-BE54-9A1E7A4F7556}") = "Evently.Common.Presentation", "src\Common\Evently.Common.Presentation\Evently.Common.Presentation.csproj", "{0420DBC1-4981-4FA9-B67B-B15B37930DB7}"
EndProject
Project("{2150E333-8FDC-42A3-9474-1A3956D46DE8}") = "Ticketing", "Ticketing", "{84F46077-3C19-4467-90D8-0162A1A6074D}"
EndProject
Project("{9A19103F-16F7-4668-BE54-9A1E7A4F7556}") = "Evently.Modules.Ticketing.Domain", "src\Modules\Ticketing\Evently.Modules.Ticketing.Domain\Evently.Modules.Ticketing.Domain.csproj", "{D1B2A9B8-E3A0-4417-BE3A-534BBE9B9D9C}"
EndProject
Project("{9A19103F-16F7-4668-BE54-9A1E7A4F7556}") = "Evently.Modules.Ticketing.Application", "src\Modules\Ticketing\Evently.Modules.Ticketing.Application\Evently.Modules.Ticketing.Application.csproj", "{21638CA9-DCC0-4EB2-BD63-E625FE740A64}"
EndProject
Project("{9A19103F-16F7-4668-BE54-9A1E7A4F7556}") = "Evently.Modules.Ticketing.Infrastructure", "src\Modules\Ticketing\Evently.Modules.Ticketing.Infrastructure\Evently.Modules.Ticketing.Infrastructure.csproj", "{368DCAF8-E91D-4A4B-9BB1-967484FA5421}"
EndProject
Project("{9A19103F-16F7-4668-BE54-9A1E7A4F7556}") = "Evently.Modules.Ticketing.Presentation", "src\Modules\Ticketing\Evently.Modules.Ticketing.Presentation\Evently.Modules.Ticketing.Presentation.csproj", "{8EFFAE23-B185-48A1-AB5B-A7CEDE9436AC}"
EndProject
Project("{9A19103F-16F7-4668-BE54-9A1E7A4F7556}") = "Evently.Modules.Users.PublicApi", "src\Modules\Users\Evently.Modules.Users.PublicApi\Evently.Modules.Users.PublicApi.csproj", "{6636982E-809F-434D-BB64-28CBB6C58AA7}"
EndProject
Project("{9A19103F-16F7-4668-BE54-9A1E7A4F7556}") = "Evently.Modules.Events.PublicApi", "src\Modules\Events\Evently.Modules.Events.PublicApi\Evently.Modules.Events.PublicApi.csproj", "{537E7A5A-5DAD-4E21-A35A-9A713DEFC3DD}"
EndProject
Project("{9A19103F-16F7-4668-BE54-9A1E7A4F7556}") = "Evently.Modules.Ticketing.PublicApi", "src\Modules\Ticketing\Evently.Modules.Ticketing.PublicApi\Evently.Modules.Ticketing.PublicApi.csproj", "{80EC9CE9-7CCE-4AB8-BD02-B7FF07F66928}"
EndProject
Project("{9A19103F-16F7-4668-BE54-9A1E7A4F7556}") = "Evently.Modules.Users.IntegrationEvents", "src\Modules\Users\Evently.Modules.Users.IntegrationEvents\Evently.Modules.Users.IntegrationEvents.csproj", "{1E636A62-427A-407B-864C-9E9E9065414D}"
EndProject
Project("{9A19103F-16F7-4668-BE54-9A1E7A4F7556}") = "Evently.Modules.Events.IntegrationEvents", "src\Modules\Events\Evently.Modules.Events.IntegrationEvents\Evently.Modules.Events.IntegrationEvents.csproj", "{14733255-8A2E-4408-99EC-A7FD57C6A5A4}"
EndProject
Project("{2150E333-8FDC-42A3-9474-1A3956D46DE8}") = "tests", "tests", "{3851571E-70CA-4879-A3B6-EB668A7B9E8F}"
EndProject
Project("{9A19103F-16F7-4668-BE54-9A1E7A4F7556}") = "Evently.Modules.Events.Domain.UnitTests", "src\Modules\Events\tests\Evently.Modules.Events.Domain.UnitTests\Evently.Modules.Events.Domain.UnitTests.csproj", "{E26B4BAE-42C4-42F5-93DA-62218D39C2F2}"
EndProject
Project("{9A19103F-16F7-4668-BE54-9A1E7A4F7556}") = "Evently.Modules.Events.Application.UnitTests", "src\Modules\Events\tests\Evently.Modules.Events.Application.UnitTests\Evently.Modules.Events.Application.UnitTests.csproj", "{B5711F50-EA0E-417F-921F-59485D53FACC}"
EndProject
Project("{9A19103F-16F7-4668-BE54-9A1E7A4F7556}") = "Evently.Modules.Events.IntegrationTests", "src\Modules\Events\tests\Evently.Modules.Events.IntegrationTests\Evently.Modules.Events.IntegrationTests.csproj", "{B3455722-59D9-47F9-ABBC-2555C93CE167}"
EndProject
Project("{2150E333-8FDC-42A3-9474-1A3956D46DE8}") = "tests", "tests", "{4E00F9D4-742E-4F8C-829E-A80DD41B9A48}"
EndProject
Project("{9A19103F-16F7-4668-BE54-9A1E7A4F7556}") = "Evently.IntegrationTests", "tests\Evently.IntegrationTests\Evently.IntegrationTests.csproj", "{4F744D96-8718-4BFD-985D-06E7562E98E4}"
EndProject
Project("{9A19103F-16F7-4668-BE54-9A1E7A4F7556}") = "Evently.ArchitectureTests", "tests\Evently.ArchitectureTests\Evently.ArchitectureTests.csproj", "{948F73F3-9253-42B2-BDA9-D89B31B0E810}"
EndProject
Project("{9A19103F-16F7-4668-BE54-9A1E7A4F7556}") = "Evently.Modules.Events.ArchitectureTests", "src\Modules\Events\tests\Evently.Modules.Events.ArchitectureTests\Evently.Modules.Events.ArchitectureTests.csproj", "{FFA37068-E7C0-4403-BF00-95B87358F2E9}"
EndProject
Project("{9A19103F-16F7-4668-BE54-9A1E7A4F7556}") = "Evently.Gateway", "src\API\Evently.Gateway\Evently.Gateway.csproj", "{66281B65-E01D-47C0-B4ED-1C49D22D4D92}"
EndProject
Project("{FAE04EC0-301F-11D3-BF4B-00C04F79EFBC}") = "Evently.Ticketing.Api", "src\API\Evently.Ticketing.Api\Evently.Ticketing.Api.csproj", "{5CC7B989-864A-4192-8769-F7C997370914}"
EndProject
Project("{2150E333-8FDC-42A3-9474-1A3956D46DE8}") = "Attendance", "Attendance", "{C5967B18-DE5E-4CE0-874D-52A0B825BEC5}"
EndProject
Project("{FAE04EC0-301F-11D3-BF4B-00C04F79EFBC}") = "Evently.Modules.Attendance.Domain", "src\Modules\Attendance\Evently.Modules.Attendance.Domain\Evently.Modules.Attendance.Domain.csproj", "{7EC67BBA-454D-4520-9ECB-A66174B39B58}"
EndProject
Project("{FAE04EC0-301F-11D3-BF4B-00C04F79EFBC}") = "Evently.Modules.Attendance.Application", "src\Modules\Attendance\Evently.Modules.Attendance.Application\Evently.Modules.Attendance.Application.csproj", "{707281CA-16ED-47F7-AB0C-CFCA7001A877}"
EndProject
Project("{FAE04EC0-301F-11D3-BF4B-00C04F79EFBC}") = "Evently.Modules.Attendance.Infrastructure", "src\Modules\Attendance\Evently.Modules.Attendance.Infrastructure\Evently.Modules.Attendance.Infrastructure.csproj", "{687FAA52-2134-48E5-9BED-12065753FEF3}"
EndProject
Project("{FAE04EC0-301F-11D3-BF4B-00C04F79EFBC}") = "Evently.Modules.Attendance.Presentation", "src\Modules\Attendance\Evently.Modules.Attendance.Presentation\Evently.Modules.Attendance.Presentation.csproj", "{8BE53A28-E736-469B-A84F-00CFDF72B67B}"
EndProject
Project("{FAE04EC0-301F-11D3-BF4B-00C04F79EFBC}") = "Evently.Modules.Ticketing.IntegrationEvents", "src\Modules\Ticketing\Evently.Modules.Ticketing.IntegrationEvents\Evently.Modules.Ticketing.IntegrationEvents.csproj", "{494DD151-6DA0-415F-98AA-54B96C917DAC}"
EndProject
Global
	GlobalSection(SolutionConfigurationPlatforms) = preSolution
		Debug|Any CPU = Debug|Any CPU
		Release|Any CPU = Release|Any CPU
	EndGlobalSection
	GlobalSection(ProjectConfigurationPlatforms) = postSolution
		{E8EDA94E-6C78-4451-9171-F10A55A2382D}.Debug|Any CPU.ActiveCfg = Debug|Any CPU
		{E8EDA94E-6C78-4451-9171-F10A55A2382D}.Debug|Any CPU.Build.0 = Debug|Any CPU
		{E8EDA94E-6C78-4451-9171-F10A55A2382D}.Release|Any CPU.ActiveCfg = Release|Any CPU
		{E8EDA94E-6C78-4451-9171-F10A55A2382D}.Release|Any CPU.Build.0 = Release|Any CPU
		{DE0DE4A0-A354-49B3-8E2A-9811A1AD52B0}.Debug|Any CPU.ActiveCfg = Debug|Any CPU
		{DE0DE4A0-A354-49B3-8E2A-9811A1AD52B0}.Debug|Any CPU.Build.0 = Debug|Any CPU
		{DE0DE4A0-A354-49B3-8E2A-9811A1AD52B0}.Release|Any CPU.ActiveCfg = Release|Any CPU
		{DE0DE4A0-A354-49B3-8E2A-9811A1AD52B0}.Release|Any CPU.Build.0 = Release|Any CPU
		{0DE96AD9-02E4-42DB-841E-EFD5FEF08B30}.Debug|Any CPU.ActiveCfg = Debug|Any CPU
		{0DE96AD9-02E4-42DB-841E-EFD5FEF08B30}.Debug|Any CPU.Build.0 = Debug|Any CPU
		{0DE96AD9-02E4-42DB-841E-EFD5FEF08B30}.Release|Any CPU.ActiveCfg = Release|Any CPU
		{0DE96AD9-02E4-42DB-841E-EFD5FEF08B30}.Release|Any CPU.Build.0 = Release|Any CPU
		{A1DC6815-AD67-43BD-806D-4B28FB9B83E2}.Debug|Any CPU.ActiveCfg = Debug|Any CPU
		{A1DC6815-AD67-43BD-806D-4B28FB9B83E2}.Debug|Any CPU.Build.0 = Debug|Any CPU
		{A1DC6815-AD67-43BD-806D-4B28FB9B83E2}.Release|Any CPU.ActiveCfg = Release|Any CPU
		{A1DC6815-AD67-43BD-806D-4B28FB9B83E2}.Release|Any CPU.Build.0 = Release|Any CPU
		{2296E8A0-62DF-4805-B027-9C457FD080D9}.Debug|Any CPU.ActiveCfg = Debug|Any CPU
		{2296E8A0-62DF-4805-B027-9C457FD080D9}.Debug|Any CPU.Build.0 = Debug|Any CPU
		{2296E8A0-62DF-4805-B027-9C457FD080D9}.Release|Any CPU.ActiveCfg = Release|Any CPU
		{2296E8A0-62DF-4805-B027-9C457FD080D9}.Release|Any CPU.Build.0 = Release|Any CPU
		{4B3CD194-1804-4CFB-B542-F5E939E400A9}.Debug|Any CPU.ActiveCfg = Debug|Any CPU
		{4B3CD194-1804-4CFB-B542-F5E939E400A9}.Debug|Any CPU.Build.0 = Debug|Any CPU
		{4B3CD194-1804-4CFB-B542-F5E939E400A9}.Release|Any CPU.ActiveCfg = Release|Any CPU
		{4B3CD194-1804-4CFB-B542-F5E939E400A9}.Release|Any CPU.Build.0 = Release|Any CPU
		{D655AF11-992A-43E6-9530-632903F280BC}.Debug|Any CPU.ActiveCfg = Debug|Any CPU
		{D655AF11-992A-43E6-9530-632903F280BC}.Debug|Any CPU.Build.0 = Debug|Any CPU
		{D655AF11-992A-43E6-9530-632903F280BC}.Release|Any CPU.ActiveCfg = Release|Any CPU
		{D655AF11-992A-43E6-9530-632903F280BC}.Release|Any CPU.Build.0 = Release|Any CPU
		{FB6BB91C-C4EE-4F63-901F-C58541B7649A}.Debug|Any CPU.ActiveCfg = Debug|Any CPU
		{FB6BB91C-C4EE-4F63-901F-C58541B7649A}.Debug|Any CPU.Build.0 = Debug|Any CPU
		{FB6BB91C-C4EE-4F63-901F-C58541B7649A}.Release|Any CPU.ActiveCfg = Release|Any CPU
		{FB6BB91C-C4EE-4F63-901F-C58541B7649A}.Release|Any CPU.Build.0 = Release|Any CPU
		{9DC6CD92-EBE8-4633-AD7C-BC1F0C253221}.Debug|Any CPU.ActiveCfg = Debug|Any CPU
		{9DC6CD92-EBE8-4633-AD7C-BC1F0C253221}.Debug|Any CPU.Build.0 = Debug|Any CPU
		{9DC6CD92-EBE8-4633-AD7C-BC1F0C253221}.Release|Any CPU.ActiveCfg = Release|Any CPU
		{9DC6CD92-EBE8-4633-AD7C-BC1F0C253221}.Release|Any CPU.Build.0 = Release|Any CPU
		{6C320881-39CF-4ED6-9B72-21DE1016FB4E}.Debug|Any CPU.ActiveCfg = Debug|Any CPU
		{6C320881-39CF-4ED6-9B72-21DE1016FB4E}.Debug|Any CPU.Build.0 = Debug|Any CPU
		{6C320881-39CF-4ED6-9B72-21DE1016FB4E}.Release|Any CPU.ActiveCfg = Release|Any CPU
		{6C320881-39CF-4ED6-9B72-21DE1016FB4E}.Release|Any CPU.Build.0 = Release|Any CPU
		{9E5CE0D1-73A6-4E22-B1EE-AFD8B3A6CEAA}.Debug|Any CPU.ActiveCfg = Debug|Any CPU
		{9E5CE0D1-73A6-4E22-B1EE-AFD8B3A6CEAA}.Debug|Any CPU.Build.0 = Debug|Any CPU
		{9E5CE0D1-73A6-4E22-B1EE-AFD8B3A6CEAA}.Release|Any CPU.ActiveCfg = Release|Any CPU
		{9E5CE0D1-73A6-4E22-B1EE-AFD8B3A6CEAA}.Release|Any CPU.Build.0 = Release|Any CPU
		{8599B72F-DB01-457B-A131-F34A0AD10E7E}.Debug|Any CPU.ActiveCfg = Debug|Any CPU
		{8599B72F-DB01-457B-A131-F34A0AD10E7E}.Debug|Any CPU.Build.0 = Debug|Any CPU
		{8599B72F-DB01-457B-A131-F34A0AD10E7E}.Release|Any CPU.ActiveCfg = Release|Any CPU
		{8599B72F-DB01-457B-A131-F34A0AD10E7E}.Release|Any CPU.Build.0 = Release|Any CPU
		{EFF8595B-1759-4ECB-8A94-7C35480CE77F}.Debug|Any CPU.ActiveCfg = Debug|Any CPU
		{EFF8595B-1759-4ECB-8A94-7C35480CE77F}.Debug|Any CPU.Build.0 = Debug|Any CPU
		{EFF8595B-1759-4ECB-8A94-7C35480CE77F}.Release|Any CPU.ActiveCfg = Release|Any CPU
		{EFF8595B-1759-4ECB-8A94-7C35480CE77F}.Release|Any CPU.Build.0 = Release|Any CPU
		{0420DBC1-4981-4FA9-B67B-B15B37930DB7}.Debug|Any CPU.ActiveCfg = Debug|Any CPU
		{0420DBC1-4981-4FA9-B67B-B15B37930DB7}.Debug|Any CPU.Build.0 = Debug|Any CPU
		{0420DBC1-4981-4FA9-B67B-B15B37930DB7}.Release|Any CPU.ActiveCfg = Release|Any CPU
		{0420DBC1-4981-4FA9-B67B-B15B37930DB7}.Release|Any CPU.Build.0 = Release|Any CPU
		{D1B2A9B8-E3A0-4417-BE3A-534BBE9B9D9C}.Debug|Any CPU.ActiveCfg = Debug|Any CPU
		{D1B2A9B8-E3A0-4417-BE3A-534BBE9B9D9C}.Debug|Any CPU.Build.0 = Debug|Any CPU
		{D1B2A9B8-E3A0-4417-BE3A-534BBE9B9D9C}.Release|Any CPU.ActiveCfg = Release|Any CPU
		{D1B2A9B8-E3A0-4417-BE3A-534BBE9B9D9C}.Release|Any CPU.Build.0 = Release|Any CPU
		{21638CA9-DCC0-4EB2-BD63-E625FE740A64}.Debug|Any CPU.ActiveCfg = Debug|Any CPU
		{21638CA9-DCC0-4EB2-BD63-E625FE740A64}.Debug|Any CPU.Build.0 = Debug|Any CPU
		{21638CA9-DCC0-4EB2-BD63-E625FE740A64}.Release|Any CPU.ActiveCfg = Release|Any CPU
		{21638CA9-DCC0-4EB2-BD63-E625FE740A64}.Release|Any CPU.Build.0 = Release|Any CPU
		{368DCAF8-E91D-4A4B-9BB1-967484FA5421}.Debug|Any CPU.ActiveCfg = Debug|Any CPU
		{368DCAF8-E91D-4A4B-9BB1-967484FA5421}.Debug|Any CPU.Build.0 = Debug|Any CPU
		{368DCAF8-E91D-4A4B-9BB1-967484FA5421}.Release|Any CPU.ActiveCfg = Release|Any CPU
		{368DCAF8-E91D-4A4B-9BB1-967484FA5421}.Release|Any CPU.Build.0 = Release|Any CPU
		{8EFFAE23-B185-48A1-AB5B-A7CEDE9436AC}.Debug|Any CPU.ActiveCfg = Debug|Any CPU
		{8EFFAE23-B185-48A1-AB5B-A7CEDE9436AC}.Debug|Any CPU.Build.0 = Debug|Any CPU
		{8EFFAE23-B185-48A1-AB5B-A7CEDE9436AC}.Release|Any CPU.ActiveCfg = Release|Any CPU
		{8EFFAE23-B185-48A1-AB5B-A7CEDE9436AC}.Release|Any CPU.Build.0 = Release|Any CPU
		{6636982E-809F-434D-BB64-28CBB6C58AA7}.Debug|Any CPU.ActiveCfg = Debug|Any CPU
		{6636982E-809F-434D-BB64-28CBB6C58AA7}.Debug|Any CPU.Build.0 = Debug|Any CPU
		{6636982E-809F-434D-BB64-28CBB6C58AA7}.Release|Any CPU.ActiveCfg = Release|Any CPU
		{6636982E-809F-434D-BB64-28CBB6C58AA7}.Release|Any CPU.Build.0 = Release|Any CPU
		{537E7A5A-5DAD-4E21-A35A-9A713DEFC3DD}.Debug|Any CPU.ActiveCfg = Debug|Any CPU
		{537E7A5A-5DAD-4E21-A35A-9A713DEFC3DD}.Debug|Any CPU.Build.0 = Debug|Any CPU
		{537E7A5A-5DAD-4E21-A35A-9A713DEFC3DD}.Release|Any CPU.ActiveCfg = Release|Any CPU
		{537E7A5A-5DAD-4E21-A35A-9A713DEFC3DD}.Release|Any CPU.Build.0 = Release|Any CPU
		{80EC9CE9-7CCE-4AB8-BD02-B7FF07F66928}.Debug|Any CPU.ActiveCfg = Debug|Any CPU
		{80EC9CE9-7CCE-4AB8-BD02-B7FF07F66928}.Debug|Any CPU.Build.0 = Debug|Any CPU
		{80EC9CE9-7CCE-4AB8-BD02-B7FF07F66928}.Release|Any CPU.ActiveCfg = Release|Any CPU
		{80EC9CE9-7CCE-4AB8-BD02-B7FF07F66928}.Release|Any CPU.Build.0 = Release|Any CPU
		{1E636A62-427A-407B-864C-9E9E9065414D}.Debug|Any CPU.ActiveCfg = Debug|Any CPU
		{1E636A62-427A-407B-864C-9E9E9065414D}.Debug|Any CPU.Build.0 = Debug|Any CPU
		{1E636A62-427A-407B-864C-9E9E9065414D}.Release|Any CPU.ActiveCfg = Release|Any CPU
		{1E636A62-427A-407B-864C-9E9E9065414D}.Release|Any CPU.Build.0 = Release|Any CPU
		{14733255-8A2E-4408-99EC-A7FD57C6A5A4}.Debug|Any CPU.ActiveCfg = Debug|Any CPU
		{14733255-8A2E-4408-99EC-A7FD57C6A5A4}.Debug|Any CPU.Build.0 = Debug|Any CPU
		{14733255-8A2E-4408-99EC-A7FD57C6A5A4}.Release|Any CPU.ActiveCfg = Release|Any CPU
		{14733255-8A2E-4408-99EC-A7FD57C6A5A4}.Release|Any CPU.Build.0 = Release|Any CPU
		{E26B4BAE-42C4-42F5-93DA-62218D39C2F2}.Debug|Any CPU.ActiveCfg = Debug|Any CPU
		{E26B4BAE-42C4-42F5-93DA-62218D39C2F2}.Debug|Any CPU.Build.0 = Debug|Any CPU
		{E26B4BAE-42C4-42F5-93DA-62218D39C2F2}.Release|Any CPU.ActiveCfg = Release|Any CPU
		{E26B4BAE-42C4-42F5-93DA-62218D39C2F2}.Release|Any CPU.Build.0 = Release|Any CPU
		{B5711F50-EA0E-417F-921F-59485D53FACC}.Debug|Any CPU.ActiveCfg = Debug|Any CPU
		{B5711F50-EA0E-417F-921F-59485D53FACC}.Debug|Any CPU.Build.0 = Debug|Any CPU
		{B5711F50-EA0E-417F-921F-59485D53FACC}.Release|Any CPU.ActiveCfg = Release|Any CPU
		{B5711F50-EA0E-417F-921F-59485D53FACC}.Release|Any CPU.Build.0 = Release|Any CPU
		{B3455722-59D9-47F9-ABBC-2555C93CE167}.Debug|Any CPU.ActiveCfg = Debug|Any CPU
		{B3455722-59D9-47F9-ABBC-2555C93CE167}.Debug|Any CPU.Build.0 = Debug|Any CPU
		{B3455722-59D9-47F9-ABBC-2555C93CE167}.Release|Any CPU.ActiveCfg = Release|Any CPU
		{B3455722-59D9-47F9-ABBC-2555C93CE167}.Release|Any CPU.Build.0 = Release|Any CPU
		{4F744D96-8718-4BFD-985D-06E7562E98E4}.Debug|Any CPU.ActiveCfg = Debug|Any CPU
		{4F744D96-8718-4BFD-985D-06E7562E98E4}.Debug|Any CPU.Build.0 = Debug|Any CPU
		{4F744D96-8718-4BFD-985D-06E7562E98E4}.Release|Any CPU.ActiveCfg = Release|Any CPU
		{4F744D96-8718-4BFD-985D-06E7562E98E4}.Release|Any CPU.Build.0 = Release|Any CPU
		{948F73F3-9253-42B2-BDA9-D89B31B0E810}.Debug|Any CPU.ActiveCfg = Debug|Any CPU
		{948F73F3-9253-42B2-BDA9-D89B31B0E810}.Debug|Any CPU.Build.0 = Debug|Any CPU
		{948F73F3-9253-42B2-BDA9-D89B31B0E810}.Release|Any CPU.ActiveCfg = Release|Any CPU
		{948F73F3-9253-42B2-BDA9-D89B31B0E810}.Release|Any CPU.Build.0 = Release|Any CPU
		{FFA37068-E7C0-4403-BF00-95B87358F2E9}.Debug|Any CPU.ActiveCfg = Debug|Any CPU
		{FFA37068-E7C0-4403-BF00-95B87358F2E9}.Debug|Any CPU.Build.0 = Debug|Any CPU
		{FFA37068-E7C0-4403-BF00-95B87358F2E9}.Release|Any CPU.ActiveCfg = Release|Any CPU
		{FFA37068-E7C0-4403-BF00-95B87358F2E9}.Release|Any CPU.Build.0 = Release|Any CPU
		{66281B65-E01D-47C0-B4ED-1C49D22D4D92}.Debug|Any CPU.ActiveCfg = Debug|Any CPU
		{66281B65-E01D-47C0-B4ED-1C49D22D4D92}.Debug|Any CPU.Build.0 = Debug|Any CPU
		{66281B65-E01D-47C0-B4ED-1C49D22D4D92}.Release|Any CPU.ActiveCfg = Release|Any CPU
		{66281B65-E01D-47C0-B4ED-1C49D22D4D92}.Release|Any CPU.Build.0 = Release|Any CPU
		{5CC7B989-864A-4192-8769-F7C997370914}.Debug|Any CPU.ActiveCfg = Debug|Any CPU
		{5CC7B989-864A-4192-8769-F7C997370914}.Debug|Any CPU.Build.0 = Debug|Any CPU
		{5CC7B989-864A-4192-8769-F7C997370914}.Release|Any CPU.ActiveCfg = Release|Any CPU
		{5CC7B989-864A-4192-8769-F7C997370914}.Release|Any CPU.Build.0 = Release|Any CPU
		{7EC67BBA-454D-4520-9ECB-A66174B39B58}.Debug|Any CPU.ActiveCfg = Debug|Any CPU
		{7EC67BBA-454D-4520-9ECB-A66174B39B58}.Debug|Any CPU.Build.0 = Debug|Any CPU
		{7EC67BBA-454D-4520-9ECB-A66174B39B58}.Release|Any CPU.ActiveCfg = Release|Any CPU
		{7EC67BBA-454D-4520-9ECB-A66174B39B58}.Release|Any CPU.Build.0 = Release|Any CPU
		{707281CA-16ED-47F7-AB0C-CFCA7001A877}.Debug|Any CPU.ActiveCfg = Debug|Any CPU
		{707281CA-16ED-47F7-AB0C-CFCA7001A877}.Debug|Any CPU.Build.0 = Debug|Any CPU
		{707281CA-16ED-47F7-AB0C-CFCA7001A877}.Release|Any CPU.ActiveCfg = Release|Any CPU
		{707281CA-16ED-47F7-AB0C-CFCA7001A877}.Release|Any CPU.Build.0 = Release|Any CPU
		{687FAA52-2134-48E5-9BED-12065753FEF3}.Debug|Any CPU.ActiveCfg = Debug|Any CPU
		{687FAA52-2134-48E5-9BED-12065753FEF3}.Debug|Any CPU.Build.0 = Debug|Any CPU
		{687FAA52-2134-48E5-9BED-12065753FEF3}.Release|Any CPU.ActiveCfg = Release|Any CPU
		{687FAA52-2134-48E5-9BED-12065753FEF3}.Release|Any CPU.Build.0 = Release|Any CPU
		{8BE53A28-E736-469B-A84F-00CFDF72B67B}.Debug|Any CPU.ActiveCfg = Debug|Any CPU
		{8BE53A28-E736-469B-A84F-00CFDF72B67B}.Debug|Any CPU.Build.0 = Debug|Any CPU
		{8BE53A28-E736-469B-A84F-00CFDF72B67B}.Release|Any CPU.ActiveCfg = Release|Any CPU
		{8BE53A28-E736-469B-A84F-00CFDF72B67B}.Release|Any CPU.Build.0 = Release|Any CPU
		{494DD151-6DA0-415F-98AA-54B96C917DAC}.Debug|Any CPU.ActiveCfg = Debug|Any CPU
		{494DD151-6DA0-415F-98AA-54B96C917DAC}.Debug|Any CPU.Build.0 = Debug|Any CPU
		{494DD151-6DA0-415F-98AA-54B96C917DAC}.Release|Any CPU.ActiveCfg = Release|Any CPU
		{494DD151-6DA0-415F-98AA-54B96C917DAC}.Release|Any CPU.Build.0 = Release|Any CPU
	EndGlobalSection
	GlobalSection(SolutionProperties) = preSolution
		HideSolutionNode = FALSE
	EndGlobalSection
	GlobalSection(NestedProjects) = preSolution
		{CA7143A3-15CE-4D9A-98ED-57C937C29F70} = {DD0A59BA-982F-4D69-952B-E5A27C00BF3D}
		{D4D3F4DD-54C8-48DE-8917-3197FD8081A4} = {DD0A59BA-982F-4D69-952B-E5A27C00BF3D}
		{B76DAE39-A56A-4DCA-BAA2-D0A2B3481144} = {D4D3F4DD-54C8-48DE-8917-3197FD8081A4}
		{E8EDA94E-6C78-4451-9171-F10A55A2382D} = {CA7143A3-15CE-4D9A-98ED-57C937C29F70}
		{0DE96AD9-02E4-42DB-841E-EFD5FEF08B30} = {B76DAE39-A56A-4DCA-BAA2-D0A2B3481144}
		{A1DC6815-AD67-43BD-806D-4B28FB9B83E2} = {B76DAE39-A56A-4DCA-BAA2-D0A2B3481144}
		{2296E8A0-62DF-4805-B027-9C457FD080D9} = {B76DAE39-A56A-4DCA-BAA2-D0A2B3481144}
		{4B3CD194-1804-4CFB-B542-F5E939E400A9} = {B76DAE39-A56A-4DCA-BAA2-D0A2B3481144}
		{1E8C6D59-7C9A-4B1F-9039-70F614180E59} = {DD0A59BA-982F-4D69-952B-E5A27C00BF3D}
		{D655AF11-992A-43E6-9530-632903F280BC} = {1E8C6D59-7C9A-4B1F-9039-70F614180E59}
		{FB6BB91C-C4EE-4F63-901F-C58541B7649A} = {1E8C6D59-7C9A-4B1F-9039-70F614180E59}
		{9DC6CD92-EBE8-4633-AD7C-BC1F0C253221} = {1E8C6D59-7C9A-4B1F-9039-70F614180E59}
		{AB1A6779-DE08-4B17-A329-9A913B78FA9C} = {D4D3F4DD-54C8-48DE-8917-3197FD8081A4}
		{6C320881-39CF-4ED6-9B72-21DE1016FB4E} = {AB1A6779-DE08-4B17-A329-9A913B78FA9C}
		{9E5CE0D1-73A6-4E22-B1EE-AFD8B3A6CEAA} = {AB1A6779-DE08-4B17-A329-9A913B78FA9C}
		{8599B72F-DB01-457B-A131-F34A0AD10E7E} = {AB1A6779-DE08-4B17-A329-9A913B78FA9C}
		{EFF8595B-1759-4ECB-8A94-7C35480CE77F} = {AB1A6779-DE08-4B17-A329-9A913B78FA9C}
		{0420DBC1-4981-4FA9-B67B-B15B37930DB7} = {1E8C6D59-7C9A-4B1F-9039-70F614180E59}
		{84F46077-3C19-4467-90D8-0162A1A6074D} = {D4D3F4DD-54C8-48DE-8917-3197FD8081A4}
		{D1B2A9B8-E3A0-4417-BE3A-534BBE9B9D9C} = {84F46077-3C19-4467-90D8-0162A1A6074D}
		{21638CA9-DCC0-4EB2-BD63-E625FE740A64} = {84F46077-3C19-4467-90D8-0162A1A6074D}
		{368DCAF8-E91D-4A4B-9BB1-967484FA5421} = {84F46077-3C19-4467-90D8-0162A1A6074D}
		{8EFFAE23-B185-48A1-AB5B-A7CEDE9436AC} = {84F46077-3C19-4467-90D8-0162A1A6074D}
		{6636982E-809F-434D-BB64-28CBB6C58AA7} = {AB1A6779-DE08-4B17-A329-9A913B78FA9C}
		{537E7A5A-5DAD-4E21-A35A-9A713DEFC3DD} = {B76DAE39-A56A-4DCA-BAA2-D0A2B3481144}
		{80EC9CE9-7CCE-4AB8-BD02-B7FF07F66928} = {84F46077-3C19-4467-90D8-0162A1A6074D}
		{1E636A62-427A-407B-864C-9E9E9065414D} = {AB1A6779-DE08-4B17-A329-9A913B78FA9C}
		{14733255-8A2E-4408-99EC-A7FD57C6A5A4} = {B76DAE39-A56A-4DCA-BAA2-D0A2B3481144}
		{3851571E-70CA-4879-A3B6-EB668A7B9E8F} = {B76DAE39-A56A-4DCA-BAA2-D0A2B3481144}
		{E26B4BAE-42C4-42F5-93DA-62218D39C2F2} = {3851571E-70CA-4879-A3B6-EB668A7B9E8F}
		{B5711F50-EA0E-417F-921F-59485D53FACC} = {3851571E-70CA-4879-A3B6-EB668A7B9E8F}
		{B3455722-59D9-47F9-ABBC-2555C93CE167} = {3851571E-70CA-4879-A3B6-EB668A7B9E8F}
		{4F744D96-8718-4BFD-985D-06E7562E98E4} = {4E00F9D4-742E-4F8C-829E-A80DD41B9A48}
		{948F73F3-9253-42B2-BDA9-D89B31B0E810} = {4E00F9D4-742E-4F8C-829E-A80DD41B9A48}
		{FFA37068-E7C0-4403-BF00-95B87358F2E9} = {3851571E-70CA-4879-A3B6-EB668A7B9E8F}
		{66281B65-E01D-47C0-B4ED-1C49D22D4D92} = {CA7143A3-15CE-4D9A-98ED-57C937C29F70}
		{5CC7B989-864A-4192-8769-F7C997370914} = {CA7143A3-15CE-4D9A-98ED-57C937C29F70}
		{C5967B18-DE5E-4CE0-874D-52A0B825BEC5} = {D4D3F4DD-54C8-48DE-8917-3197FD8081A4}
		{7EC67BBA-454D-4520-9ECB-A66174B39B58} = {C5967B18-DE5E-4CE0-874D-52A0B825BEC5}
		{707281CA-16ED-47F7-AB0C-CFCA7001A877} = {C5967B18-DE5E-4CE0-874D-52A0B825BEC5}
		{687FAA52-2134-48E5-9BED-12065753FEF3} = {C5967B18-DE5E-4CE0-874D-52A0B825BEC5}
		{8BE53A28-E736-469B-A84F-00CFDF72B67B} = {C5967B18-DE5E-4CE0-874D-52A0B825BEC5}
		{494DD151-6DA0-415F-98AA-54B96C917DAC} = {84F46077-3C19-4467-90D8-0162A1A6074D}
	EndGlobalSection
	GlobalSection(ExtensibilityGlobals) = postSolution
		SolutionGuid = {71E0CF07-0638-4AC7-9568-843CBB9709AF}
	EndGlobalSection
EndGlobal
